
Microsoft Visual Studio Solution File, Format Version 12.00
# Visual Studio Version 17
VisualStudioVersion = 17.11.35222.181
MinimumVisualStudioVersion = 10.0.40219.1
Project("{9A19103F-16F7-4668-BE54-9A1E7A4F7556}") = "FirstProject", "FirstProject\FirstProject.csproj", "{00FD0DC4-9613-4F38-AEEE-26AC1DB93BB4}"
EndProject
Project("{9A19103F-16F7-4668-BE54-9A1E7A4F7556}") = "PassingParametersToMethod", "PassingParametersToMethod\PassingParametersToMethod.csproj", "{A97CB8A0-19E8-42F0-956D-BFFE7E9B2FFF}"
EndProject
Project("{2150E333-8FDC-42A3-9474-1A3956D46DE8}") = "1. Konsola", "1. Konsola", "{C29530D3-4AFB-4BE4-89B5-7E8E241A62A4}"
EndProject
Project("{2150E333-8FDC-42A3-9474-1A3956D46DE8}") = "01. Podstawy", "01. Podstawy", "{81E5BC46-541C-438E-84CE-17C2203308EF}"
EndProject
Project("{2150E333-8FDC-42A3-9474-1A3956D46DE8}") = "02. Parametry do metody", "02. Parametry do metody", "{ECDE72B4-12B7-4B77-BF05-AFCEF8C97067}"
EndProject
Project("{2150E333-8FDC-42A3-9474-1A3956D46DE8}") = "03. Dziedziczenie i polimorfizm", "03. Dziedziczenie i polimorfizm", "{3B5B7220-2F81-4AB0-8958-610D403A37A6}"
EndProject
Project("{9A19103F-16F7-4668-BE54-9A1E7A4F7556}") = "PolymorphismApp", "PolymorphismApp\PolymorphismApp.csproj", "{34DB4B70-75DF-4D1A-B17B-F19307C26BC8}"
EndProject
Project("{2150E333-8FDC-42A3-9474-1A3956D46DE8}") = "04. Gra", "04. Gra", "{918C535C-B3A2-41E5-950F-187BC08034AA}"
EndProject
Project("{9A19103F-16F7-4668-BE54-9A1E7A4F7556}") = "MoveOnBoardGame", "MoveOnBoardGame\MoveOnBoardGame.csproj", "{9E73EEFD-F6CA-4614-AD39-41A8F9747661}"
EndProject
Project("{2150E333-8FDC-42A3-9474-1A3956D46DE8}") = "05. Kolekcje", "05. Kolekcje", "{4F7B8DB7-B06A-47E3-BA60-251C7B6A455D}"
EndProject
Project("{9A19103F-16F7-4668-BE54-9A1E7A4F7556}") = "TestCollections", "TestCollections\TestCollections.csproj", "{0E308C3C-4B8C-4E16-8BE5-064CCFA91797}"
EndProject
Project("{2150E333-8FDC-42A3-9474-1A3956D46DE8}") = "06. Baza danych", "06. Baza danych", "{30B0D668-B9F9-447B-82E3-5741C7759B09}"
EndProject
Project("{9A19103F-16F7-4668-BE54-9A1E7A4F7556}") = "SchoolApp", "SchoolApp\SchoolApp.csproj", "{C39941D1-21D6-42F1-AFC7-66C297F097ED}"
EndProject
Project("{2150E333-8FDC-42A3-9474-1A3956D46DE8}") = "2.desktop", "2.desktop", "{C06A9B0A-0ABF-4352-A2F1-82E4E50F3DAB}"
EndProject
Project("{2150E333-8FDC-42A3-9474-1A3956D46DE8}") = "3. maui", "3. maui", "{67505155-7DCB-4BC1-AAD2-011A52561427}"
EndProject
Project("{9A19103F-16F7-4668-BE54-9A1E7A4F7556}") = "FirstApplicationMauiApp", "FirstApplicationMauiApp\FirstApplicationMauiApp.csproj", "{BBB4F860-5B53-4C4A-A54D-CBA58AADB448}"
EndProject
Project("{2150E333-8FDC-42A3-9474-1A3956D46DE8}") = "fist app", "fist app", "{D0FA32A0-CFDE-488F-855F-3C53C9C2FC73}"
EndProject
Project("{2150E333-8FDC-42A3-9474-1A3956D46DE8}") = "secend app", "secend app", "{F560F5BE-7D26-459B-8291-9DCE34AB3F91}"
EndProject
Project("{9A19103F-16F7-4668-BE54-9A1E7A4F7556}") = "FirstMauiApp", "FirstMauiApp\FirstMauiApp.csproj", "{2EAFF88C-C252-4DA9-9466-8D39708EF592}"
EndProject
Project("{9A19103F-16F7-4668-BE54-9A1E7A4F7556}") = "SimpleCalculatorMauiApp", "SimpleCalculatorMauiApp\SimpleCalculatorMauiApp.csproj", "{E1BBC9CA-4564-4BA8-AF2A-31B977F3A5F2}"
EndProject
Project("{9A19103F-16F7-4668-BE54-9A1E7A4F7556}") = "BindingRotationMauiApp", "BindingRotationMauiApp\BindingRotationMauiApp.csproj", "{A98539C8-576A-49FF-AAF9-BB861E751A43}"
EndProject
Project("{FAE04EC0-301F-11D3-BF4B-00C04F79EFBC}") = "ShowCollectionMauiApp", "ShowCollectionMauiApp\ShowCollectionMauiApp.csproj", "{2EA97818-B2A1-4796-A052-C9EF728EEAB2}"
EndProject
Global
	GlobalSection(SolutionConfigurationPlatforms) = preSolution
		Debug|Any CPU = Debug|Any CPU
		Release|Any CPU = Release|Any CPU
	EndGlobalSection
	GlobalSection(ProjectConfigurationPlatforms) = postSolution
		{00FD0DC4-9613-4F38-AEEE-26AC1DB93BB4}.Debug|Any CPU.ActiveCfg = Debug|Any CPU
		{00FD0DC4-9613-4F38-AEEE-26AC1DB93BB4}.Release|Any CPU.ActiveCfg = Release|Any CPU
		{00FD0DC4-9613-4F38-AEEE-26AC1DB93BB4}.Release|Any CPU.Build.0 = Release|Any CPU
		{A97CB8A0-19E8-42F0-956D-BFFE7E9B2FFF}.Debug|Any CPU.ActiveCfg = Debug|Any CPU
		{A97CB8A0-19E8-42F0-956D-BFFE7E9B2FFF}.Release|Any CPU.ActiveCfg = Release|Any CPU
		{A97CB8A0-19E8-42F0-956D-BFFE7E9B2FFF}.Release|Any CPU.Build.0 = Release|Any CPU
		{34DB4B70-75DF-4D1A-B17B-F19307C26BC8}.Debug|Any CPU.ActiveCfg = Debug|Any CPU
		{34DB4B70-75DF-4D1A-B17B-F19307C26BC8}.Release|Any CPU.ActiveCfg = Release|Any CPU
		{34DB4B70-75DF-4D1A-B17B-F19307C26BC8}.Release|Any CPU.Build.0 = Release|Any CPU
		{9E73EEFD-F6CA-4614-AD39-41A8F9747661}.Debug|Any CPU.ActiveCfg = Debug|Any CPU
		{9E73EEFD-F6CA-4614-AD39-41A8F9747661}.Release|Any CPU.ActiveCfg = Release|Any CPU
		{9E73EEFD-F6CA-4614-AD39-41A8F9747661}.Release|Any CPU.Build.0 = Release|Any CPU
		{0E308C3C-4B8C-4E16-8BE5-064CCFA91797}.Debug|Any CPU.ActiveCfg = Debug|Any CPU
		{0E308C3C-4B8C-4E16-8BE5-064CCFA91797}.Release|Any CPU.ActiveCfg = Release|Any CPU
		{0E308C3C-4B8C-4E16-8BE5-064CCFA91797}.Release|Any CPU.Build.0 = Release|Any CPU
		{C39941D1-21D6-42F1-AFC7-66C297F097ED}.Debug|Any CPU.ActiveCfg = Debug|Any CPU
		{C39941D1-21D6-42F1-AFC7-66C297F097ED}.Debug|Any CPU.Build.0 = Debug|Any CPU
		{C39941D1-21D6-42F1-AFC7-66C297F097ED}.Release|Any CPU.ActiveCfg = Release|Any CPU
		{C39941D1-21D6-42F1-AFC7-66C297F097ED}.Release|Any CPU.Build.0 = Release|Any CPU
		{BBB4F860-5B53-4C4A-A54D-CBA58AADB448}.Debug|Any CPU.ActiveCfg = Debug|Any CPU
		{BBB4F860-5B53-4C4A-A54D-CBA58AADB448}.Debug|Any CPU.Build.0 = Debug|Any CPU
		{BBB4F860-5B53-4C4A-A54D-CBA58AADB448}.Debug|Any CPU.Deploy.0 = Debug|Any CPU
		{BBB4F860-5B53-4C4A-A54D-CBA58AADB448}.Release|Any CPU.ActiveCfg = Release|Any CPU
		{BBB4F860-5B53-4C4A-A54D-CBA58AADB448}.Release|Any CPU.Build.0 = Release|Any CPU
		{BBB4F860-5B53-4C4A-A54D-CBA58AADB448}.Release|Any CPU.Deploy.0 = Release|Any CPU
		{2EAFF88C-C252-4DA9-9466-8D39708EF592}.Debug|Any CPU.ActiveCfg = Debug|Any CPU
		{2EAFF88C-C252-4DA9-9466-8D39708EF592}.Debug|Any CPU.Build.0 = Debug|Any CPU
		{2EAFF88C-C252-4DA9-9466-8D39708EF592}.Debug|Any CPU.Deploy.0 = Debug|Any CPU
		{2EAFF88C-C252-4DA9-9466-8D39708EF592}.Release|Any CPU.ActiveCfg = Release|Any CPU
		{2EAFF88C-C252-4DA9-9466-8D39708EF592}.Release|Any CPU.Build.0 = Release|Any CPU
		{2EAFF88C-C252-4DA9-9466-8D39708EF592}.Release|Any CPU.Deploy.0 = Release|Any CPU
		{E1BBC9CA-4564-4BA8-AF2A-31B977F3A5F2}.Debug|Any CPU.ActiveCfg = Debug|Any CPU
		{E1BBC9CA-4564-4BA8-AF2A-31B977F3A5F2}.Debug|Any CPU.Build.0 = Debug|Any CPU
		{E1BBC9CA-4564-4BA8-AF2A-31B977F3A5F2}.Debug|Any CPU.Deploy.0 = Debug|Any CPU
		{E1BBC9CA-4564-4BA8-AF2A-31B977F3A5F2}.Release|Any CPU.ActiveCfg = Release|Any CPU
		{E1BBC9CA-4564-4BA8-AF2A-31B977F3A5F2}.Release|Any CPU.Build.0 = Release|Any CPU
		{E1BBC9CA-4564-4BA8-AF2A-31B977F3A5F2}.Release|Any CPU.Deploy.0 = Release|Any CPU
		{A98539C8-576A-49FF-AAF9-BB861E751A43}.Debug|Any CPU.ActiveCfg = Debug|Any CPU
		{A98539C8-576A-49FF-AAF9-BB861E751A43}.Debug|Any CPU.Build.0 = Debug|Any CPU
		{A98539C8-576A-49FF-AAF9-BB861E751A43}.Debug|Any CPU.Deploy.0 = Debug|Any CPU
		{A98539C8-576A-49FF-AAF9-BB861E751A43}.Release|Any CPU.ActiveCfg = Release|Any CPU
		{A98539C8-576A-49FF-AAF9-BB861E751A43}.Release|Any CPU.Build.0 = Release|Any CPU
		{A98539C8-576A-49FF-AAF9-BB861E751A43}.Release|Any CPU.Deploy.0 = Release|Any CPU
		{2EA97818-B2A1-4796-A052-C9EF728EEAB2}.Debug|Any CPU.ActiveCfg = Debug|Any CPU
		{2EA97818-B2A1-4796-A052-C9EF728EEAB2}.Debug|Any CPU.Build.0 = Debug|Any CPU
		{2EA97818-B2A1-4796-A052-C9EF728EEAB2}.Debug|Any CPU.Deploy.0 = Debug|Any CPU
		{2EA97818-B2A1-4796-A052-C9EF728EEAB2}.Release|Any CPU.ActiveCfg = Release|Any CPU
		{2EA97818-B2A1-4796-A052-C9EF728EEAB2}.Release|Any CPU.Build.0 = Release|Any CPU
		{2EA97818-B2A1-4796-A052-C9EF728EEAB2}.Release|Any CPU.Deploy.0 = Release|Any CPU
	EndGlobalSection
	GlobalSection(SolutionProperties) = preSolution
		HideSolutionNode = FALSE
	EndGlobalSection
	GlobalSection(NestedProjects) = preSolution
		{00FD0DC4-9613-4F38-AEEE-26AC1DB93BB4} = {81E5BC46-541C-438E-84CE-17C2203308EF}
		{A97CB8A0-19E8-42F0-956D-BFFE7E9B2FFF} = {ECDE72B4-12B7-4B77-BF05-AFCEF8C97067}
		{81E5BC46-541C-438E-84CE-17C2203308EF} = {C29530D3-4AFB-4BE4-89B5-7E8E241A62A4}
		{ECDE72B4-12B7-4B77-BF05-AFCEF8C97067} = {C29530D3-4AFB-4BE4-89B5-7E8E241A62A4}
		{3B5B7220-2F81-4AB0-8958-610D403A37A6} = {C29530D3-4AFB-4BE4-89B5-7E8E241A62A4}
		{34DB4B70-75DF-4D1A-B17B-F19307C26BC8} = {3B5B7220-2F81-4AB0-8958-610D403A37A6}
		{918C535C-B3A2-41E5-950F-187BC08034AA} = {C29530D3-4AFB-4BE4-89B5-7E8E241A62A4}
		{9E73EEFD-F6CA-4614-AD39-41A8F9747661} = {918C535C-B3A2-41E5-950F-187BC08034AA}
		{4F7B8DB7-B06A-47E3-BA60-251C7B6A455D} = {C29530D3-4AFB-4BE4-89B5-7E8E241A62A4}
		{0E308C3C-4B8C-4E16-8BE5-064CCFA91797} = {4F7B8DB7-B06A-47E3-BA60-251C7B6A455D}
		{30B0D668-B9F9-447B-82E3-5741C7759B09} = {C29530D3-4AFB-4BE4-89B5-7E8E241A62A4}
		{C39941D1-21D6-42F1-AFC7-66C297F097ED} = {30B0D668-B9F9-447B-82E3-5741C7759B09}
		{BBB4F860-5B53-4C4A-A54D-CBA58AADB448} = {D0FA32A0-CFDE-488F-855F-3C53C9C2FC73}
		{D0FA32A0-CFDE-488F-855F-3C53C9C2FC73} = {67505155-7DCB-4BC1-AAD2-011A52561427}
		{F560F5BE-7D26-459B-8291-9DCE34AB3F91} = {67505155-7DCB-4BC1-AAD2-011A52561427}
		{2EAFF88C-C252-4DA9-9466-8D39708EF592} = {F560F5BE-7D26-459B-8291-9DCE34AB3F91}
		{E1BBC9CA-4564-4BA8-AF2A-31B977F3A5F2} = {67505155-7DCB-4BC1-AAD2-011A52561427}
		{A98539C8-576A-49FF-AAF9-BB861E751A43} = {67505155-7DCB-4BC1-AAD2-011A52561427}
		{2EA97818-B2A1-4796-A052-C9EF728EEAB2} = {67505155-7DCB-4BC1-AAD2-011A52561427}
	EndGlobalSection
	GlobalSection(ExtensibilityGlobals) = postSolution
		SolutionGuid = {2E2DA32F-0FC6-4252-9FC0-CD664838E829}
	EndGlobalSection
EndGlobal
